{
  "version": 4,
  "terraform_version": "1.11.4",
  "serial": 11,
  "lineage": "5fcc388b-ed5c-8b65-0146-e0f4090e8c34",
  "outputs": {},
  "resources": [
    {
      "mode": "managed",
      "type": "aws_vpc",
      "name": "example",
      "provider": "provider[\"registry.terraform.io/hashicorp/aws\"]",
      "instances": [
        {
          "schema_version": 1,
          "attributes": {
            "arn": "arn:aws:ec2:ap-northeast-2:641625397809:vpc/vpc-01f2c0db1d0777320",
            "assign_generated_ipv6_cidr_block": false,
            "cidr_block": "10.0.0.0/16",
            "default_network_acl_id": "acl-0bab6dae2bd3008d0",
            "default_route_table_id": "rtb-07701a761eeda9a35",
            "default_security_group_id": "sg-00be9cb760b6df4b8",
            "dhcp_options_id": "dopt-0025fd504f39b1a11",
            "enable_dns_hostnames": false,
            "enable_dns_support": true,
            "enable_network_address_usage_metrics": false,
            "id": "vpc-01f2c0db1d0777320",
            "instance_tenancy": "default",
            "ipv4_ipam_pool_id": null,
            "ipv4_netmask_length": null,
            "ipv6_association_id": "",
            "ipv6_cidr_block": "",
            "ipv6_cidr_block_network_border_group": "",
            "ipv6_ipam_pool_id": "",
            "ipv6_netmask_length": 0,
            "main_route_table_id": "rtb-07701a761eeda9a35",
            "owner_id": "641625397809",
            "tags": {
              "Name": "example"
            },
            "tags_all": {
              "Name": "example"
            }
          },
          "sensitive_attributes": [],
          "private": "eyJzY2hlbWFfdmVyc2lvbiI6IjEifQ=="
        }
      ]
    }
  ],
  "check_results": null
}
